// !$*UTF8*$!
{
	archiveVersion = 1;
	classes = {
	};
	objectVersion = 50;
	objects = {

/* Begin PBXBuildFile section */
		F4A619C3214FC67B006A8D95 /* AppDelegate.swift in Sources */ = {isa = PBXBuildFile; fileRef = F4A619C2214FC67B006A8D95 /* AppDelegate.swift */; };
		F4A619C5214FC67B006A8D95 /* ViewController.swift in Sources */ = {isa = PBXBuildFile; fileRef = F4A619C4214FC67B006A8D95 /* ViewController.swift */; };
		F4A619CB214FC67B006A8D95 /* GenerateTextImage.xcdatamodeld in Sources */ = {isa = PBXBuildFile; fileRef = F4A619C9214FC67B006A8D95 /* GenerateTextImage.xcdatamodeld */; };
		F4A619CD214FC67C006A8D95 /* Assets.xcassets in Resources */ = {isa = PBXBuildFile; fileRef = F4A619CC214FC67C006A8D95 /* Assets.xcassets */; };
		F4A619D0214FC67C006A8D95 /* LaunchScreen.storyboard in Resources */ = {isa = PBXBuildFile; fileRef = F4A619CE214FC67C006A8D95 /* LaunchScreen.storyboard */; };
/* End PBXBuildFile section */

/* Begin PBXFileReference section */
		F4A619BF214FC67B006A8D95 /* GenerateTextImage.app */ = {isa = PBXFileReference; explicitFileType = wrapper.application; includeInIndex = 0; path = GenerateTextImage.app; sourceTree = BUILT_PRODUCTS_DIR; };
		F4A619C2214FC67B006A8D95 /* AppDelegate.swift */ = {isa = PBXFileReference; lastKnownFileType = sourcecode.swift; path = AppDelegate.swift; sourceTree = "<group>"; };
		F4A619C4214FC67B006A8D95 /* ViewController.swift */ = {isa = PBXFileReference; lastKnownFileType = sourcecode.swift; path = ViewController.swift; sourceTree = "<group>"; };
		F4A619CA214FC67B006A8D95 /* GenerateTextImage.xcdatamodel */ = {isa = PBXFileReference; lastKnownFileType = wrapper.xcdatamodel; path = GenerateTextImage.xcdatamodel; sourceTree = "<group>"; };
		F4A619CC214FC67C006A8D95 /* Assets.xcassets */ = {isa = PBXFileReference; lastKnownFileType = folder.assetcatalog; path = Assets.xcassets; sourceTree = "<group>"; };
		F4A619CF214FC67C006A8D95 /* Base */ = {isa = PBXFileReference; lastKnownFileType = file.storyboard; name = Base; path = Base.lproj/LaunchScreen.storyboard; sourceTree = "<group>"; };
		F4A619D1214FC67C006A8D95 /* Info.plist */ = {isa = PBXFileReference; lastKnownFileType = text.plist.xml; path = Info.plist; sourceTree = "<group>"; };
/* End PBXFileReference section */

/* Begin PBXFrameworksBuildPhase section */
		F4A619BC214FC67A006A8D95 /* Frameworks */ = {
			isa = PBXFrameworksBuildPhase;
			buildActionMask = 2147483647;
			files = (
			);
			runOnlyForDeploymentPostprocessing = 0;
		};
/* End PBXFrameworksBuildPhase section */

/* Begin PBXGroup section */
		F4A619B6214FC67A006A8D95 = {
			isa = PBXGroup;
			children = (
				F4A619C1214FC67B006A8D95 /* GenerateTextImage */,
				F4A619C0214FC67B006A8D95 /* Products */,
			);
			sourceTree = "<group>";
		};
		F4A619C0214FC67B006A8D95 /* Products */ = {
			isa = PBXGroup;
			children = (
				F4A619BF214FC67B006A8D95 /* GenerateTextImage.app */,
			);
			name = Products;
			sourceTree = "<group>";
		};
		F4A619C1214FC67B006A8D95 /* GenerateTextImage */ = {
			isa = PBXGroup;
			children = (
				F4A619C2214FC67B006A8D95 /* AppDelegate.swift */,
				F4A619C4214FC67B006A8D95 /* ViewController.swift */,
				F4A619CC214FC67C006A8D95 /* Assets.xcassets */,
				F4A619CE214FC67C006A8D95 /* LaunchScreen.storyboard */,
				F4A619D1214FC67C006A8D95 /* Info.plist */,
				F4A619C9214FC67B006A8D95 /* GenerateTextImage.xcdatamodeld */,
			);
			path = GenerateTextImage;
			sourceTree = "<group>";
		};
/* End PBXGroup section */

/* Begin PBXNativeTarget section */
		F4A619BE214FC67A006A8D95 /* GenerateTextImage */ = {
			isa = PBXNativeTarget;
			buildConfigurationList = F4A619D4214FC67C006A8D95 /* Build configuration list for PBXNativeTarget "GenerateTextImage" */;
			buildPhases = (
				F4A619BB214FC67A006A8D95 /* Sources */,
				F4A619BC214FC67A006A8D95 /* Frameworks */,
				F4A619BD214FC67A006A8D95 /* Resources */,
			);
			buildRules = (
			);
			dependencies = (
			);
			name = GenerateTextImage;
			productName = GenerateTextImage;
			productReference = F4A619BF214FC67B006A8D95 /* GenerateTextImage.app */;
			productType = "com.apple.product-type.application";
		};
/* End PBXNativeTarget section */

/* Begin PBXProject section */
		F4A619B7214FC67A006A8D95 /* Project object */ = {
			isa = PBXProject;
			attributes = {
				LastSwiftUpdateCheck = 0940;
				LastUpgradeCheck = 0940;
				ORGANIZATIONNAME = br.com.sankhya.labs;
				TargetAttributes = {
					F4A619BE214FC67A006A8D95 = {
						CreatedOnToolsVersion = 9.4.1;
					};
				};
			};
			buildConfigurationList = F4A619BA214FC67A006A8D95 /* Build configuration list for PBXProject "GenerateTextImage" */;
			compatibilityVersion = "Xcode 9.3";
			developmentRegion = en;
			hasScannedForEncodings = 0;
			knownRegions = (
				en,
				Base,
			);
			mainGroup = F4A619B6214FC67A006A8D95;
			productRefGroup = F4A619C0214FC67B006A8D95 /* Products */;
			projectDirPath = "";
			projectRoot = "";
			targets = (
				F4A619BE214FC67A006A8D95 /* GenerateTextImage */,
			);
		};
/* End PBXProject section */

/* Begin PBXResourcesBuildPhase section */
		F4A619BD214FC67A006A8D95 /* Resources */ = {
			isa = PBXResourcesBuildPhase;
			buildActionMask = 2147483647;
			files = (
				F4A619D0214FC67C006A8D95 /* LaunchScreen.storyboard in Resources */,
				F4A619CD214FC67C006A8D95 /* Assets.xcassets in Resources */,
			);
			runOnlyForDeploymentPostprocessing = 0;
		};
/* End PBXResourcesBuildPhase section */

/* Begin PBXSourcesBuildPhase section */
		F4A619BB214FC67A006A8D95 /* Sources */ = {
			isa = PBXSourcesBuildPhase;
			buildActionMask = 2147483647;
			files = (
				F4A619C5214FC67B006A8D95 /* ViewController.swift in Sources */,
				F4A619CB214FC67B006A8D95 /* GenerateTextImage.xcdatamodeld in Sources */,
				F4A619C3214FC67B006A8D95 /* AppDelegate.swift in Sources */,
			);
			runOnlyForDeploymentPostprocessing = 0;
		};
/* End PBXSourcesBuildPhase section */

/* Begin PBXVariantGroup section */
		F4A619CE214FC67C006A8D95 /* LaunchScreen.storyboard */ = {
			isa = PBXVariantGroup;
			children = (
				F4A619CF214FC67C006A8D95 /* Base */,
			);
			name = LaunchScreen.storyboard;
			sourceTree = "<group>";
		};
/* End PBXVariantGroup section */

/* Begin XCBuildConfiguration section */
		F4A619D2214FC67C006A8D95 /* Debug */ = {
			isa = XCBuildConfiguration;
			buildSettings = {
				ALWAYS_SEARCH_USER_PATHS = NO;
				CLANG_ANALYZER_NONNULL = YES;
				CLANG_ANALYZER_NUMBER_OBJECT_CONVERSION = YES_AGGRESSIVE;
				CLANG_CXX_LANGUAGE_STANDARD = "gnu++14";
				CLANG_CXX_LIBRARY = "libc++";
				CLANG_ENABLE_MODULES = YES;
				CLANG_ENABLE_OBJC_ARC = YES;
				CLANG_ENABLE_OBJC_WEAK = YES;
				CLANG_WARN_BLOCK_CAPTURE_AUTORELEASING = YES;
				CLANG_WARN_BOOL_CONVERSION = YES;
				CLANG_WARN_COMMA = YES;
				CLANG_WARN_CONSTANT_CONVERSION = YES;
				CLANG_WARN_DEPRECATED_OBJC_IMPLEMENTATIONS = YES;
				CLANG_WARN_DIRECT_OBJC_ISA_USAGE = YES_ERROR;
				CLANG_WARN_DOCUMENTATION_COMMENTS = YES;
				CLANG_WARN_EMPTY_BODY = YES;
				CLANG_WARN_ENUM_CONVERSION = YES;
				CLANG_WARN_INFINITE_RECURSION = YES;
				CLANG_WARN_INT_CONVERSION = YES;
				CLANG_WARN_NON_LITERAL_NULL_CONVERSION = YES;
				CLANG_WARN_OBJC_IMPLICIT_RETAIN_SELF = YES;
				CLANG_WARN_OBJC_LITERAL_CONVERSION = YES;
				CLANG_WARN_OBJC_ROOT_CLASS = YES_ERROR;
				CLANG_WARN_RANGE_LOOP_ANALYSIS = YES;
				CLANG_WARN_STRICT_PROTOTYPES = YES;
				CLANG_WARN_SUSPICIOUS_MOVE = YES;
				CLANG_WARN_UNGUARDED_AVAILABILITY = YES_AGGRESSIVE;
				CLANG_WARN_UNREACHABLE_CODE = YES;
				CLANG_WARN__DUPLICATE_METHOD_MATCH = YES;
				CODE_SIGN_IDENTITY = "iPhone Developer";
				COPY_PHASE_STRIP = NO;
				DEBUG_INFORMATION_FORMAT = dwarf;
				ENABLE_STRICT_OBJC_MSGSEND = YES;
				ENABLE_TESTABILITY = YES;
				GCC_C_LANGUAGE_STANDARD = gnu11;
				GCC_DYNAMIC_NO_PIC = NO;
				GCC_NO_COMMON_BLOCKS = YES;
				GCC_OPTIMIZATION_LEVEL = 0;
				GCC_PREPROCESSOR_DEFINITIONS = (
					"DEBUG=1",
					"$(inherited)",
				);
				GCC_WARN_64_TO_32_BIT_CONVERSION = YES;
				GCC_WARN_ABOUT_RETURN_TYPE = YES_ERROR;
				GCC_WARN_UNDECLARED_SELECTOR = YES;
				GCC_WARN_UNINITIALIZED_AUTOS = YES_AGGRESSIVE;
				GCC_WARN_UNUSED_FUNCTION = YES;
				GCC_WARN_UNUSED_VARIABLE = YES;
				IPHONEOS_DEPLOYMENT_TARGET = 11.4;
				MTL_ENABLE_DEBUG_INFO = YES;
				ONLY_ACTIVE_ARCH = YES;
				SDKROOT = iphoneos;
				SWIFT_ACTIVE_COMPILATION_CONDITIONS = DEBUG;
				SWIFT_OPTIMIZATION_LEVEL = "-Onone";
			};
			name = Debug;
		};
		F4A619D3214FC67C006A8D95 /* Release */ = {
			isa = XCBuildConfiguration;
			buildSettings = {
				ALWAYS_SEARCH_USER_PATHS = NO;
				CLANG_ANALYZER_NONNULL = YES;
				CLANG_ANALYZER_NUMBER_OBJECT_CONVERSION = YES_AGGRESSIVE;
				CLANG_CXX_LANGUAGE_STANDARD = "gnu++14";
				CLANG_CXX_LIBRARY = "libc++";
				CLANG_ENABLE_MODULES = YES;
				CLANG_ENABLE_OBJC_ARC = YES;
				CLANG_ENABLE_OBJC_WEAK = YES;
				CLANG_WARN_BLOCK_CAPTURE_AUTORELEASING = YES;
				CLANG_WARN_BOOL_CONVERSION = YES;
				CLANG_WARN_COMMA = YES;
				CLANG_WARN_CONSTANT_CONVERSION = YES;
				CLANG_WARN_DEPRECATED_OBJC_IMPLEMENTATIONS = YES;
				CLANG_WARN_DIRECT_OBJC_ISA_USAGE = YES_ERROR;
				CLANG_WARN_DOCUMENTATION_COMMENTS = YES;
				CLANG_WARN_EMPTY_BODY = YES;
				CLANG_WARN_ENUM_CONVERSION = YES;
				CLANG_WARN_INFINITE_RECURSION = YES;
				CLANG_WARN_INT_CONVERSION = YES;
				CLANG_WARN_NON_LITERAL_NULL_CONVERSION = YES;
				CLANG_WARN_OBJC_IMPLICIT_RETAIN_SELF = YES;
				CLANG_WARN_OBJC_LITERAL_CONVERSION = YES;
				CLANG_WARN_OBJC_ROOT_CLASS = YES_ERROR;
				CLANG_WARN_RANGE_LOOP_ANALYSIS = YES;
				CLANG_WARN_STRICT_PROTOTYPES = YES;
				CLANG_WARN_SUSPICIOUS_MOVE = YES;
				CLANG_WARN_UNGUARDED_AVAILABILITY = YES_AGGRESSIVE;
				CLANG_WARN_UNREACHABLE_CODE = YES;
				CLANG_WARN__DUPLICATE_METHOD_MATCH = YES;
				CODE_SIGN_IDENTITY = "iPhone Developer";
				COPY_PHASE_STRIP = NO;
				DEBUG_INFORMATION_FORMAT = "dwarf-with-dsym";
				ENABLE_NS_ASSERTIONS = NO;
				ENABLE_STRICT_OBJC_MSGSEND = YES;
				GCC_C_LANGUAGE_STANDARD = gnu11;
				GCC_NO_COMMON_BLOCKS = YES;
				GCC_WARN_64_TO_32_BIT_CONVERSION = YES;
				GCC_WARN_ABOUT_RETURN_TYPE = YES_ERROR;
				GCC_WARN_UNDECLARED_SELECTOR = YES;
				GCC_WARN_UNINITIALIZED_AUTOS = YES_AGGRESSIVE;
				GCC_WARN_UNUSED_FUNCTION = YES;
				GCC_WARN_UNUSED_VARIABLE = YES;
				IPHONEOS_DEPLOYMENT_TARGET = 11.4;
				MTL_ENABLE_DEBUG_INFO = NO;
				SDKROOT = iphoneos;
				SWIFT_COMPILATION_MODE = wholemodule;
				SWIFT_OPTIMIZATION_LEVEL = "-O";
				VALIDATE_PRODUCT = YES;
			};
			name = Release;
		};
		F4A619D5214FC67C006A8D95 /* Debug */ = {
			isa = XCBuildConfiguration;
			buildSettings = {
				ASSETCATALOG_COMPILER_APPICON_NAME = AppIcon;
				CODE_SIGN_STYLE = Automatic;
				DEVELOPMENT_TEAM = HV5V7KBQHK;
				INFOPLIST_FILE = GenerateTextImage/Info.plist;
				LD_RUNPATH_SEARCH_PATHS = (
					"$(inherited)",
					"@executable_path/Frameworks",
				);
				PRODUCT_BUNDLE_IDENTIFIER = sankhya.GenerateTextImage;
				PRODUCT_NAME = "$(TARGET_NAME)";
				SWIFT_VERSION = 4.0;
				TARGETED_DEVICE_FAMILY = "1,2";
			};
			name = Debug;
		};
		F4A619D6214FC67C006A8D95 /* Release */ = {
			isa = XCBuildConfiguration;
			buildSettings = {
				ASSETCATALOG_COMPILER_APPICON_NAME = AppIcon;
				CODE_SIGN_STYLE = Automatic;
				DEVELOPMENT_TEAM = HV5V7KBQHK;
				INFOPLIST_FILE = GenerateTextImage/Info.plist;
				LD_RUNPATH_SEARCH_PATHS = (
					"$(inherited)",
					"@executable_path/Frameworks",
				);
				PRODUCT_BUNDLE_IDENTIFIER = sankhya.GenerateTextImage;
				PRODUCT_NAME = "$(TARGET_NAME)";
				SWIFT_VERSION = 4.0;
				TARGETED_DEVICE_FAMILY = "1,2";
			};
			name = Release;
		};
/* End XCBuildConfiguration section */

/* Begin XCConfigurationList section */
		F4A619BA214FC67A006A8D95 /* Build configuration list for PBXProject "GenerateTextImage" */ = {
			isa = XCConfigurationList;
			buildConfigurations = (
				F4A619D2214FC67C006A8D95 /* Debug */,
				F4A619D3214FC67C006A8D95 /* Release */,
			);
			defaultConfigurationIsVisible = 0;
			defaultConfigurationName = Release;
		};
		F4A619D4214FC67C006A8D95 /* Build configuration list for PBXNativeTarget "GenerateTextImage" */ = {
			isa = XCConfigurationList;
			buildConfigurations = (
				F4A619D5214FC67C006A8D95 /* Debug */,
				F4A619D6214FC67C006A8D95 /* Release */,
			);
			defaultConfigurationIsVisible = 0;
			defaultConfigurationName = Release;
		};
/* End XCConfigurationList section */

/* Begin XCVersionGroup section */
		F4A619C9214FC67B006A8D95 /* GenerateTextImage.xcdatamodeld */ = {
			isa = XCVersionGroup;
			children = (
				F4A619CA214FC67B006A8D95 /* GenerateTextImage.xcdatamodel */,
			);
			currentVersion = F4A619CA214FC67B006A8D95 /* GenerateTextImage.xcdatamodel */;
			path = GenerateTextImage.xcdatamodeld;
			sourceTree = "<group>";
			versionGroupType = wrapper.xcdatamodel;
		};
/* End XCVersionGroup section */
	};
	rootObject = F4A619B7214FC67A006A8D95 /* Project object */;
}
